
Microsoft Visual Studio Solution File, Format Version 12.00
# Visual Studio 2013
VisualStudioVersion = 12.0.31101.0
MinimumVisualStudioVersion = 10.0.40219.1
Project("{FAE04EC0-301F-11D3-BF4B-00C04F79EFBC}") = "MassivePixel.Common.WP8", "MassivePixel.Common.WP8\MassivePixel.Common.WP8.csproj", "{4579B3AA-A14A-4DFF-85ED-EE80F62D746D}"
EndProject
Project("{2150E333-8FDC-42A3-9474-1A3956D46DE8}") = "Sample", "Sample", "{9042F77B-B463-4F7C-A1C5-7043427FE07D}"
EndProject
Project("{FAE04EC0-301F-11D3-BF4B-00C04F79EFBC}") = "Common.Tests", "Common.Tests\Common.Tests.csproj", "{96C5E9FE-49F8-4D9F-BC89-CD50EEBCE819}"
EndProject
Global
	GlobalSection(SolutionConfigurationPlatforms) = preSolution
		Debug|Any CPU = Debug|Any CPU
		Debug|ARM = Debug|ARM
		Debug|x86 = Debug|x86
		Release|Any CPU = Release|Any CPU
		Release|ARM = Release|ARM
		Release|x86 = Release|x86
	EndGlobalSection
	GlobalSection(ProjectConfigurationPlatforms) = postSolution
		{4579B3AA-A14A-4DFF-85ED-EE80F62D746D}.Debug|Any CPU.ActiveCfg = Debug|Any CPU
		{4579B3AA-A14A-4DFF-85ED-EE80F62D746D}.Debug|Any CPU.Build.0 = Debug|Any CPU
		{4579B3AA-A14A-4DFF-85ED-EE80F62D746D}.Debug|ARM.ActiveCfg = Debug|ARM
		{4579B3AA-A14A-4DFF-85ED-EE80F62D746D}.Debug|ARM.Build.0 = Debug|ARM
		{4579B3AA-A14A-4DFF-85ED-EE80F62D746D}.Debug|x86.ActiveCfg = Debug|x86
		{4579B3AA-A14A-4DFF-85ED-EE80F62D746D}.Debug|x86.Build.0 = Debug|x86
		{4579B3AA-A14A-4DFF-85ED-EE80F62D746D}.Release|Any CPU.ActiveCfg = Release|Any CPU
		{4579B3AA-A14A-4DFF-85ED-EE80F62D746D}.Release|Any CPU.Build.0 = Release|Any CPU
		{4579B3AA-A14A-4DFF-85ED-EE80F62D746D}.Release|ARM.ActiveCfg = Release|ARM
		{4579B3AA-A14A-4DFF-85ED-EE80F62D746D}.Release|ARM.Build.0 = Release|ARM
		{4579B3AA-A14A-4DFF-85ED-EE80F62D746D}.Release|x86.ActiveCfg = Release|x86
		{4579B3AA-A14A-4DFF-85ED-EE80F62D746D}.Release|x86.Build.0 = Release|x86
		{96C5E9FE-49F8-4D9F-BC89-CD50EEBCE819}.Debug|Any CPU.ActiveCfg = Debug|Any CPU
		{96C5E9FE-49F8-4D9F-BC89-CD50EEBCE819}.Debug|Any CPU.Build.0 = Debug|Any CPU
		{96C5E9FE-49F8-4D9F-BC89-CD50EEBCE819}.Debug|Any CPU.Deploy.0 = Debug|Any CPU
		{96C5E9FE-49F8-4D9F-BC89-CD50EEBCE819}.Debug|ARM.ActiveCfg = Debug|ARM
		{96C5E9FE-49F8-4D9F-BC89-CD50EEBCE819}.Debug|ARM.Build.0 = Debug|ARM
		{96C5E9FE-49F8-4D9F-BC89-CD50EEBCE819}.Debug|ARM.Deploy.0 = Debug|ARM
		{96C5E9FE-49F8-4D9F-BC89-CD50EEBCE819}.Debug|x86.ActiveCfg = Debug|x86
		{96C5E9FE-49F8-4D9F-BC89-CD50EEBCE819}.Debug|x86.Build.0 = Debug|x86
		{96C5E9FE-49F8-4D9F-BC89-CD50EEBCE819}.Debug|x86.Deploy.0 = Debug|x86
		{96C5E9FE-49F8-4D9F-BC89-CD50EEBCE819}.Release|Any CPU.ActiveCfg = Release|Any CPU
		{96C5E9FE-49F8-4D9F-BC89-CD50EEBCE819}.Release|Any CPU.Build.0 = Release|Any CPU
		{96C5E9FE-49F8-4D9F-BC89-CD50EEBCE819}.Release|Any CPU.Deploy.0 = Release|Any CPU
		{96C5E9FE-49F8-4D9F-BC89-CD50EEBCE819}.Release|ARM.ActiveCfg = Release|ARM
		{96C5E9FE-49F8-4D9F-BC89-CD50EEBCE819}.Release|ARM.Build.0 = Release|ARM
		{96C5E9FE-49F8-4D9F-BC89-CD50EEBCE819}.Release|ARM.Deploy.0 = Release|ARM
		{96C5E9FE-49F8-4D9F-BC89-CD50EEBCE819}.Release|x86.ActiveCfg = Release|x86
		{96C5E9FE-49F8-4D9F-BC89-CD50EEBCE819}.Release|x86.Build.0 = Release|x86
		{96C5E9FE-49F8-4D9F-BC89-CD50EEBCE819}.Release|x86.Deploy.0 = Release|x86
	EndGlobalSection
	GlobalSection(SolutionProperties) = preSolution
		HideSolutionNode = FALSE
	EndGlobalSection
	GlobalSection(NestedProjects) = preSolution
		{96C5E9FE-49F8-4D9F-BC89-CD50EEBCE819} = {9042F77B-B463-4F7C-A1C5-7043427FE07D}
	EndGlobalSection
EndGlobal
